// !$*UTF8*$!
{
	archiveVersion = 1;
	classes = {
	};
	objectVersion = 56;
	objects = {

/* Begin PBXBuildFile section */
		0BCB01E02C8B404B00963A34 /* AppDelegate.swift in Sources */ = {isa = PBXBuildFile; fileRef = 0BCB01DF2C8B404B00963A34 /* AppDelegate.swift */; };
		0BCB01E22C8B404B00963A34 /* SceneDelegate.swift in Sources */ = {isa = PBXBuildFile; fileRef = 0BCB01E12C8B404B00963A34 /* SceneDelegate.swift */; };
		0BCB01E42C8B404B00963A34 /* ViewController.swift in Sources */ = {isa = PBXBuildFile; fileRef = 0BCB01E32C8B404B00963A34 /* ViewController.swift */; };
		0BCB01E72C8B404B00963A34 /* Base in Resources */ = {isa = PBXBuildFile; fileRef = 0BCB01E62C8B404B00963A34 /* Base */; };
		0BCB01E92C8B404C00963A34 /* Assets.xcassets in Resources */ = {isa = PBXBuildFile; fileRef = 0BCB01E82C8B404C00963A34 /* Assets.xcassets */; };
		0BCB01EC2C8B404C00963A34 /* Base in Resources */ = {isa = PBXBuildFile; fileRef = 0BCB01EB2C8B404C00963A34 /* Base */; };
		0BCB01F72C8B404C00963A34 /* DotInInfinitePathLoaderTests.swift in Sources */ = {isa = PBXBuildFile; fileRef = 0BCB01F62C8B404C00963A34 /* DotInInfinitePathLoaderTests.swift */; };
		0BCB02012C8B404C00963A34 /* DotInInfinitePathLoaderUITests.swift in Sources */ = {isa = PBXBuildFile; fileRef = 0BCB02002C8B404C00963A34 /* DotInInfinitePathLoaderUITests.swift */; };
		0BCB02032C8B404C00963A34 /* DotInInfinitePathLoaderUITestsLaunchTests.swift in Sources */ = {isa = PBXBuildFile; fileRef = 0BCB02022C8B404C00963A34 /* DotInInfinitePathLoaderUITestsLaunchTests.swift */; };
		0BCB02102C8B40D500963A34 /* CustomLoader.swift in Sources */ = {isa = PBXBuildFile; fileRef = 0BCB020F2C8B40D500963A34 /* CustomLoader.swift */; };
		0BCB02122C8B417D00963A34 /* screenshot.jpg in Resources */ = {isa = PBXBuildFile; fileRef = 0BCB02112C8B417D00963A34 /* screenshot.jpg */; };
/* End PBXBuildFile section */

/* Begin PBXContainerItemProxy section */
		0BCB01F32C8B404C00963A34 /* PBXContainerItemProxy */ = {
			isa = PBXContainerItemProxy;
			containerPortal = 0BCB01D42C8B404B00963A34 /* Project object */;
			proxyType = 1;
			remoteGlobalIDString = 0BCB01DB2C8B404B00963A34;
			remoteInfo = DotInInfinitePathLoader;
		};
		0BCB01FD2C8B404C00963A34 /* PBXContainerItemProxy */ = {
			isa = PBXContainerItemProxy;
			containerPortal = 0BCB01D42C8B404B00963A34 /* Project object */;
			proxyType = 1;
			remoteGlobalIDString = 0BCB01DB2C8B404B00963A34;
			remoteInfo = DotInInfinitePathLoader;
		};
/* End PBXContainerItemProxy section */

/* Begin PBXFileReference section */
		0BCB01DC2C8B404B00963A34 /* DotInInfinitePathLoader.app */ = {isa = PBXFileReference; explicitFileType = wrapper.application; includeInIndex = 0; path = DotInInfinitePathLoader.app; sourceTree = BUILT_PRODUCTS_DIR; };
		0BCB01DF2C8B404B00963A34 /* AppDelegate.swift */ = {isa = PBXFileReference; lastKnownFileType = sourcecode.swift; path = AppDelegate.swift; sourceTree = "<group>"; };
		0BCB01E12C8B404B00963A34 /* SceneDelegate.swift */ = {isa = PBXFileReference; lastKnownFileType = sourcecode.swift; path = SceneDelegate.swift; sourceTree = "<group>"; };
		0BCB01E32C8B404B00963A34 /* ViewController.swift */ = {isa = PBXFileReference; lastKnownFileType = sourcecode.swift; path = ViewController.swift; sourceTree = "<group>"; };
		0BCB01E62C8B404B00963A34 /* Base */ = {isa = PBXFileReference; lastKnownFileType = file.storyboard; name = Base; path = Base.lproj/Main.storyboard; sourceTree = "<group>"; };
		0BCB01E82C8B404C00963A34 /* Assets.xcassets */ = {isa = PBXFileReference; lastKnownFileType = folder.assetcatalog; path = Assets.xcassets; sourceTree = "<group>"; };
		0BCB01EB2C8B404C00963A34 /* Base */ = {isa = PBXFileReference; lastKnownFileType = file.storyboard; name = Base; path = Base.lproj/LaunchScreen.storyboard; sourceTree = "<group>"; };
		0BCB01ED2C8B404C00963A34 /* Info.plist */ = {isa = PBXFileReference; lastKnownFileType = text.plist.xml; path = Info.plist; sourceTree = "<group>"; };
		0BCB01F22C8B404C00963A34 /* DotInInfinitePathLoaderTests.xctest */ = {isa = PBXFileReference; explicitFileType = wrapper.cfbundle; includeInIndex = 0; path = DotInInfinitePathLoaderTests.xctest; sourceTree = BUILT_PRODUCTS_DIR; };
		0BCB01F62C8B404C00963A34 /* DotInInfinitePathLoaderTests.swift */ = {isa = PBXFileReference; lastKnownFileType = sourcecode.swift; path = DotInInfinitePathLoaderTests.swift; sourceTree = "<group>"; };
		0BCB01FC2C8B404C00963A34 /* DotInInfinitePathLoaderUITests.xctest */ = {isa = PBXFileReference; explicitFileType = wrapper.cfbundle; includeInIndex = 0; path = DotInInfinitePathLoaderUITests.xctest; sourceTree = BUILT_PRODUCTS_DIR; };
		0BCB02002C8B404C00963A34 /* DotInInfinitePathLoaderUITests.swift */ = {isa = PBXFileReference; lastKnownFileType = sourcecode.swift; path = DotInInfinitePathLoaderUITests.swift; sourceTree = "<group>"; };
		0BCB02022C8B404C00963A34 /* DotInInfinitePathLoaderUITestsLaunchTests.swift */ = {isa = PBXFileReference; lastKnownFileType = sourcecode.swift; path = DotInInfinitePathLoaderUITestsLaunchTests.swift; sourceTree = "<group>"; };
		0BCB020F2C8B40D500963A34 /* CustomLoader.swift */ = {isa = PBXFileReference; lastKnownFileType = sourcecode.swift; path = CustomLoader.swift; sourceTree = "<group>"; };
		0BCB02112C8B417D00963A34 /* screenshot.jpg */ = {isa = PBXFileReference; lastKnownFileType = image.jpeg; path = screenshot.jpg; sourceTree = "<group>"; };
/* End PBXFileReference section */

/* Begin PBXFrameworksBuildPhase section */
		0BCB01D92C8B404B00963A34 /* Frameworks */ = {
			isa = PBXFrameworksBuildPhase;
			buildActionMask = 2147483647;
			files = (
			);
			runOnlyForDeploymentPostprocessing = 0;
		};
		0BCB01EF2C8B404C00963A34 /* Frameworks */ = {
			isa = PBXFrameworksBuildPhase;
			buildActionMask = 2147483647;
			files = (
			);
			runOnlyForDeploymentPostprocessing = 0;
		};
		0BCB01F92C8B404C00963A34 /* Frameworks */ = {
			isa = PBXFrameworksBuildPhase;
			buildActionMask = 2147483647;
			files = (
			);
			runOnlyForDeploymentPostprocessing = 0;
		};
/* End PBXFrameworksBuildPhase section */

/* Begin PBXGroup section */
		0BCB01D32C8B404B00963A34 = {
			isa = PBXGroup;
			children = (
				0BCB02112C8B417D00963A34 /* screenshot.jpg */,
				0BCB01DE2C8B404B00963A34 /* DotInInfinitePathLoader */,
				0BCB01F52C8B404C00963A34 /* DotInInfinitePathLoaderTests */,
				0BCB01FF2C8B404C00963A34 /* DotInInfinitePathLoaderUITests */,
				0BCB01DD2C8B404B00963A34 /* Products */,
			);
			sourceTree = "<group>";
		};
		0BCB01DD2C8B404B00963A34 /* Products */ = {
			isa = PBXGroup;
			children = (
				0BCB01DC2C8B404B00963A34 /* DotInInfinitePathLoader.app */,
				0BCB01F22C8B404C00963A34 /* DotInInfinitePathLoaderTests.xctest */,
				0BCB01FC2C8B404C00963A34 /* DotInInfinitePathLoaderUITests.xctest */,
			);
			name = Products;
			sourceTree = "<group>";
		};
		0BCB01DE2C8B404B00963A34 /* DotInInfinitePathLoader */ = {
			isa = PBXGroup;
			children = (
				0BCB01DF2C8B404B00963A34 /* AppDelegate.swift */,
				0BCB01E12C8B404B00963A34 /* SceneDelegate.swift */,
				0BCB01E32C8B404B00963A34 /* ViewController.swift */,
				0BCB020F2C8B40D500963A34 /* CustomLoader.swift */,
				0BCB01E52C8B404B00963A34 /* Main.storyboard */,
				0BCB01E82C8B404C00963A34 /* Assets.xcassets */,
				0BCB01EA2C8B404C00963A34 /* LaunchScreen.storyboard */,
				0BCB01ED2C8B404C00963A34 /* Info.plist */,
			);
			path = DotInInfinitePathLoader;
			sourceTree = "<group>";
		};
		0BCB01F52C8B404C00963A34 /* DotInInfinitePathLoaderTests */ = {
			isa = PBXGroup;
			children = (
				0BCB01F62C8B404C00963A34 /* DotInInfinitePathLoaderTests.swift */,
			);
			path = DotInInfinitePathLoaderTests;
			sourceTree = "<group>";
		};
		0BCB01FF2C8B404C00963A34 /* DotInInfinitePathLoaderUITests */ = {
			isa = PBXGroup;
			children = (
				0BCB02002C8B404C00963A34 /* DotInInfinitePathLoaderUITests.swift */,
				0BCB02022C8B404C00963A34 /* DotInInfinitePathLoaderUITestsLaunchTests.swift */,
			);
			path = DotInInfinitePathLoaderUITests;
			sourceTree = "<group>";
		};
/* End PBXGroup section */

/* Begin PBXNativeTarget section */
		0BCB01DB2C8B404B00963A34 /* DotInInfinitePathLoader */ = {
			isa = PBXNativeTarget;
			buildConfigurationList = 0BCB02062C8B404C00963A34 /* Build configuration list for PBXNativeTarget "DotInInfinitePathLoader" */;
			buildPhases = (
				0BCB01D82C8B404B00963A34 /* Sources */,
				0BCB01D92C8B404B00963A34 /* Frameworks */,
				0BCB01DA2C8B404B00963A34 /* Resources */,
			);
			buildRules = (
			);
			dependencies = (
			);
			name = DotInInfinitePathLoader;
			productName = DotInInfinitePathLoader;
			productReference = 0BCB01DC2C8B404B00963A34 /* DotInInfinitePathLoader.app */;
			productType = "com.apple.product-type.application";
		};
		0BCB01F12C8B404C00963A34 /* DotInInfinitePathLoaderTests */ = {
			isa = PBXNativeTarget;
			buildConfigurationList = 0BCB02092C8B404C00963A34 /* Build configuration list for PBXNativeTarget "DotInInfinitePathLoaderTests" */;
			buildPhases = (
				0BCB01EE2C8B404C00963A34 /* Sources */,
				0BCB01EF2C8B404C00963A34 /* Frameworks */,
				0BCB01F02C8B404C00963A34 /* Resources */,
			);
			buildRules = (
			);
			dependencies = (
				0BCB01F42C8B404C00963A34 /* PBXTargetDependency */,
			);
			name = DotInInfinitePathLoaderTests;
			productName = DotInInfinitePathLoaderTests;
			productReference = 0BCB01F22C8B404C00963A34 /* DotInInfinitePathLoaderTests.xctest */;
			productType = "com.apple.product-type.bundle.unit-test";
		};
		0BCB01FB2C8B404C00963A34 /* DotInInfinitePathLoaderUITests */ = {
			isa = PBXNativeTarget;
			buildConfigurationList = 0BCB020C2C8B404C00963A34 /* Build configuration list for PBXNativeTarget "DotInInfinitePathLoaderUITests" */;
			buildPhases = (
				0BCB01F82C8B404C00963A34 /* Sources */,
				0BCB01F92C8B404C00963A34 /* Frameworks */,
				0BCB01FA2C8B404C00963A34 /* Resources */,
			);
			buildRules = (
			);
			dependencies = (
				0BCB01FE2C8B404C00963A34 /* PBXTargetDependency */,
			);
			name = DotInInfinitePathLoaderUITests;
			productName = DotInInfinitePathLoaderUITests;
			productReference = 0BCB01FC2C8B404C00963A34 /* DotInInfinitePathLoaderUITests.xctest */;
			productType = "com.apple.product-type.bundle.ui-testing";
		};
/* End PBXNativeTarget section */

/* Begin PBXProject section */
		0BCB01D42C8B404B00963A34 /* Project object */ = {
			isa = PBXProject;
			attributes = {
				BuildIndependentTargetsInParallel = 1;
				LastSwiftUpdateCheck = 1540;
				LastUpgradeCheck = 1540;
				TargetAttributes = {
					0BCB01DB2C8B404B00963A34 = {
						CreatedOnToolsVersion = 15.4;
					};
					0BCB01F12C8B404C00963A34 = {
						CreatedOnToolsVersion = 15.4;
						TestTargetID = 0BCB01DB2C8B404B00963A34;
					};
					0BCB01FB2C8B404C00963A34 = {
						CreatedOnToolsVersion = 15.4;
						TestTargetID = 0BCB01DB2C8B404B00963A34;
					};
				};
			};
			buildConfigurationList = 0BCB01D72C8B404B00963A34 /* Build configuration list for PBXProject "DotInInfinitePathLoader" */;
			compatibilityVersion = "Xcode 14.0";
			developmentRegion = en;
			hasScannedForEncodings = 0;
			knownRegions = (
				en,
				Base,
			);
			mainGroup = 0BCB01D32C8B404B00963A34;
			productRefGroup = 0BCB01DD2C8B404B00963A34 /* Products */;
			projectDirPath = "";
			projectRoot = "";
			targets = (
				0BCB01DB2C8B404B00963A34 /* DotInInfinitePathLoader */,
				0BCB01F12C8B404C00963A34 /* DotInInfinitePathLoaderTests */,
				0BCB01FB2C8B404C00963A34 /* DotInInfinitePathLoaderUITests */,
			);
		};
/* End PBXProject section */

/* Begin PBXResourcesBuildPhase section */
		0BCB01DA2C8B404B00963A34 /* Resources */ = {
			isa = PBXResourcesBuildPhase;
			buildActionMask = 2147483647;
			files = (
				0BCB01E92C8B404C00963A34 /* Assets.xcassets in Resources */,
				0BCB01EC2C8B404C00963A34 /* Base in Resources */,
				0BCB01E72C8B404B00963A34 /* Base in Resources */,
				0BCB02122C8B417D00963A34 /* screenshot.jpg in Resources */,
			);
			runOnlyForDeploymentPostprocessing = 0;
		};
		0BCB01F02C8B404C00963A34 /* Resources */ = {
			isa = PBXResourcesBuildPhase;
			buildActionMask = 2147483647;
			files = (
			);
			runOnlyForDeploymentPostprocessing = 0;
		};
		0BCB01FA2C8B404C00963A34 /* Resources */ = {
			isa = PBXResourcesBuildPhase;
			buildActionMask = 2147483647;
			files = (
			);
			runOnlyForDeploymentPostprocessing = 0;
		};
/* End PBXResourcesBuildPhase section */

/* Begin PBXSourcesBuildPhase section */
		0BCB01D82C8B404B00963A34 /* Sources */ = {
			isa = PBXSourcesBuildPhase;
			buildActionMask = 2147483647;
			files = (
				0BCB01E42C8B404B00963A34 /* ViewController.swift in Sources */,
				0BCB01E02C8B404B00963A34 /* AppDelegate.swift in Sources */,
				0BCB01E22C8B404B00963A34 /* SceneDelegate.swift in Sources */,
				0BCB02102C8B40D500963A34 /* CustomLoader.swift in Sources */,
			);
			runOnlyForDeploymentPostprocessing = 0;
		};
		0BCB01EE2C8B404C00963A34 /* Sources */ = {
			isa = PBXSourcesBuildPhase;
			buildActionMask = 2147483647;
			files = (
				0BCB01F72C8B404C00963A34 /* DotInInfinitePathLoaderTests.swift in Sources */,
			);
			runOnlyForDeploymentPostprocessing = 0;
		};
		0BCB01F82C8B404C00963A34 /* Sources */ = {
			isa = PBXSourcesBuildPhase;
			buildActionMask = 2147483647;
			files = (
				0BCB02012C8B404C00963A34 /* DotInInfinitePathLoaderUITests.swift in Sources */,
				0BCB02032C8B404C00963A34 /* DotInInfinitePathLoaderUITestsLaunchTests.swift in Sources */,
			);
			runOnlyForDeploymentPostprocessing = 0;
		};
/* End PBXSourcesBuildPhase section */

/* Begin PBXTargetDependency section */
		0BCB01F42C8B404C00963A34 /* PBXTargetDependency */ = {
			isa = PBXTargetDependency;
			target = 0BCB01DB2C8B404B00963A34 /* DotInInfinitePathLoader */;
			targetProxy = 0BCB01F32C8B404C00963A34 /* PBXContainerItemProxy */;
		};
		0BCB01FE2C8B404C00963A34 /* PBXTargetDependency */ = {
			isa = PBXTargetDependency;
			target = 0BCB01DB2C8B404B00963A34 /* DotInInfinitePathLoader */;
			targetProxy = 0BCB01FD2C8B404C00963A34 /* PBXContainerItemProxy */;
		};
/* End PBXTargetDependency section */

/* Begin PBXVariantGroup section */
		0BCB01E52C8B404B00963A34 /* Main.storyboard */ = {
			isa = PBXVariantGroup;
			children = (
				0BCB01E62C8B404B00963A34 /* Base */,
			);
			name = Main.storyboard;
			sourceTree = "<group>";
		};
		0BCB01EA2C8B404C00963A34 /* LaunchScreen.storyboard */ = {
			isa = PBXVariantGroup;
			children = (
				0BCB01EB2C8B404C00963A34 /* Base */,
			);
			name = LaunchScreen.storyboard;
			sourceTree = "<group>";
		};
/* End PBXVariantGroup section */

/* Begin XCBuildConfiguration section */
		0BCB02042C8B404C00963A34 /* Debug */ = {
			isa = XCBuildConfiguration;
			buildSettings = {
				ALWAYS_SEARCH_USER_PATHS = NO;
				ASSETCATALOG_COMPILER_GENERATE_SWIFT_ASSET_SYMBOL_EXTENSIONS = YES;
				CLANG_ANALYZER_NONNULL = YES;
				CLANG_ANALYZER_NUMBER_OBJECT_CONVERSION = YES_AGGRESSIVE;
				CLANG_CXX_LANGUAGE_STANDARD = "gnu++20";
				CLANG_ENABLE_MODULES = YES;
				CLANG_ENABLE_OBJC_ARC = YES;
				CLANG_ENABLE_OBJC_WEAK = YES;
				CLANG_WARN_BLOCK_CAPTURE_AUTORELEASING = YES;
				CLANG_WARN_BOOL_CONVERSION = YES;
				CLANG_WARN_COMMA = YES;
				CLANG_WARN_CONSTANT_CONVERSION = YES;
				CLANG_WARN_DEPRECATED_OBJC_IMPLEMENTATIONS = YES;
				CLANG_WARN_DIRECT_OBJC_ISA_USAGE = YES_ERROR;
				CLANG_WARN_DOCUMENTATION_COMMENTS = YES;
				CLANG_WARN_EMPTY_BODY = YES;
				CLANG_WARN_ENUM_CONVERSION = YES;
				CLANG_WARN_INFINITE_RECURSION = YES;
				CLANG_WARN_INT_CONVERSION = YES;
				CLANG_WARN_NON_LITERAL_NULL_CONVERSION = YES;
				CLANG_WARN_OBJC_IMPLICIT_RETAIN_SELF = YES;
				CLANG_WARN_OBJC_LITERAL_CONVERSION = YES;
				CLANG_WARN_OBJC_ROOT_CLASS = YES_ERROR;
				CLANG_WARN_QUOTED_INCLUDE_IN_FRAMEWORK_HEADER = YES;
				CLANG_WARN_RANGE_LOOP_ANALYSIS = YES;
				CLANG_WARN_STRICT_PROTOTYPES = YES;
				CLANG_WARN_SUSPICIOUS_MOVE = YES;
				CLANG_WARN_UNGUARDED_AVAILABILITY = YES_AGGRESSIVE;
				CLANG_WARN_UNREACHABLE_CODE = YES;
				CLANG_WARN__DUPLICATE_METHOD_MATCH = YES;
				COPY_PHASE_STRIP = NO;
				DEBUG_INFORMATION_FORMAT = dwarf;
				ENABLE_STRICT_OBJC_MSGSEND = YES;
				ENABLE_TESTABILITY = YES;
				ENABLE_USER_SCRIPT_SANDBOXING = YES;
				GCC_C_LANGUAGE_STANDARD = gnu17;
				GCC_DYNAMIC_NO_PIC = NO;
				GCC_NO_COMMON_BLOCKS = YES;
				GCC_OPTIMIZATION_LEVEL = 0;
				GCC_PREPROCESSOR_DEFINITIONS = (
					"DEBUG=1",
					"$(inherited)",
				);
				GCC_WARN_64_TO_32_BIT_CONVERSION = YES;
				GCC_WARN_ABOUT_RETURN_TYPE = YES_ERROR;
				GCC_WARN_UNDECLARED_SELECTOR = YES;
				GCC_WARN_UNINITIALIZED_AUTOS = YES_AGGRESSIVE;
				GCC_WARN_UNUSED_FUNCTION = YES;
				GCC_WARN_UNUSED_VARIABLE = YES;
				IPHONEOS_DEPLOYMENT_TARGET = 17.5;
				LOCALIZATION_PREFERS_STRING_CATALOGS = YES;
				MTL_ENABLE_DEBUG_INFO = INCLUDE_SOURCE;
				MTL_FAST_MATH = YES;
				ONLY_ACTIVE_ARCH = YES;
				SDKROOT = iphoneos;
				SWIFT_ACTIVE_COMPILATION_CONDITIONS = "DEBUG $(inherited)";
				SWIFT_OPTIMIZATION_LEVEL = "-Onone";
			};
			name = Debug;
		};
		0BCB02052C8B404C00963A34 /* Release */ = {
			isa = XCBuildConfiguration;
			buildSettings = {
				ALWAYS_SEARCH_USER_PATHS = NO;
				ASSETCATALOG_COMPILER_GENERATE_SWIFT_ASSET_SYMBOL_EXTENSIONS = YES;
				CLANG_ANALYZER_NONNULL = YES;
				CLANG_ANALYZER_NUMBER_OBJECT_CONVERSION = YES_AGGRESSIVE;
				CLANG_CXX_LANGUAGE_STANDARD = "gnu++20";
				CLANG_ENABLE_MODULES = YES;
				CLANG_ENABLE_OBJC_ARC = YES;
				CLANG_ENABLE_OBJC_WEAK = YES;
				CLANG_WARN_BLOCK_CAPTURE_AUTORELEASING = YES;
				CLANG_WARN_BOOL_CONVERSION = YES;
				CLANG_WARN_COMMA = YES;
				CLANG_WARN_CONSTANT_CONVERSION = YES;
				CLANG_WARN_DEPRECATED_OBJC_IMPLEMENTATIONS = YES;
				CLANG_WARN_DIRECT_OBJC_ISA_USAGE = YES_ERROR;
				CLANG_WARN_DOCUMENTATION_COMMENTS = YES;
				CLANG_WARN_EMPTY_BODY = YES;
				CLANG_WARN_ENUM_CONVERSION = YES;
				CLANG_WARN_INFINITE_RECURSION = YES;
				CLANG_WARN_INT_CONVERSION = YES;
				CLANG_WARN_NON_LITERAL_NULL_CONVERSION = YES;
				CLANG_WARN_OBJC_IMPLICIT_RETAIN_SELF = YES;
				CLANG_WARN_OBJC_LITERAL_CONVERSION = YES;
				CLANG_WARN_OBJC_ROOT_CLASS = YES_ERROR;
				CLANG_WARN_QUOTED_INCLUDE_IN_FRAMEWORK_HEADER = YES;
				CLANG_WARN_RANGE_LOOP_ANALYSIS = YES;
				CLANG_WARN_STRICT_PROTOTYPES = YES;
				CLANG_WARN_SUSPICIOUS_MOVE = YES;
				CLANG_WARN_UNGUARDED_AVAILABILITY = YES_AGGRESSIVE;
				CLANG_WARN_UNREACHABLE_CODE = YES;
				CLANG_WARN__DUPLICATE_METHOD_MATCH = YES;
				COPY_PHASE_STRIP = NO;
				DEBUG_INFORMATION_FORMAT = "dwarf-with-dsym";
				ENABLE_NS_ASSERTIONS = NO;
				ENABLE_STRICT_OBJC_MSGSEND = YES;
				ENABLE_USER_SCRIPT_SANDBOXING = YES;
				GCC_C_LANGUAGE_STANDARD = gnu17;
				GCC_NO_COMMON_BLOCKS = YES;
				GCC_WARN_64_TO_32_BIT_CONVERSION = YES;
				GCC_WARN_ABOUT_RETURN_TYPE = YES_ERROR;
				GCC_WARN_UNDECLARED_SELECTOR = YES;
				GCC_WARN_UNINITIALIZED_AUTOS = YES_AGGRESSIVE;
				GCC_WARN_UNUSED_FUNCTION = YES;
				GCC_WARN_UNUSED_VARIABLE = YES;
				IPHONEOS_DEPLOYMENT_TARGET = 17.5;
				LOCALIZATION_PREFERS_STRING_CATALOGS = YES;
				MTL_ENABLE_DEBUG_INFO = NO;
				MTL_FAST_MATH = YES;
				SDKROOT = iphoneos;
				SWIFT_COMPILATION_MODE = wholemodule;
				VALIDATE_PRODUCT = YES;
			};
			name = Release;
		};
		0BCB02072C8B404C00963A34 /* Debug */ = {
			isa = XCBuildConfiguration;
			buildSettings = {
				ASSETCATALOG_COMPILER_APPICON_NAME = AppIcon;
				ASSETCATALOG_COMPILER_GLOBAL_ACCENT_COLOR_NAME = AccentColor;
				CODE_SIGN_STYLE = Automatic;
				CURRENT_PROJECT_VERSION = 1;
				GENERATE_INFOPLIST_FILE = YES;
				INFOPLIST_FILE = DotInInfinitePathLoader/Info.plist;
				INFOPLIST_KEY_UIApplicationSupportsIndirectInputEvents = YES;
				INFOPLIST_KEY_UILaunchStoryboardName = LaunchScreen;
				INFOPLIST_KEY_UIMainStoryboardFile = Main;
				INFOPLIST_KEY_UISupportedInterfaceOrientations_iPad = "UIInterfaceOrientationPortrait UIInterfaceOrientationPortraitUpsideDown UIInterfaceOrientationLandscapeLeft UIInterfaceOrientationLandscapeRight";
				INFOPLIST_KEY_UISupportedInterfaceOrientations_iPhone = "UIInterfaceOrientationPortrait UIInterfaceOrientationLandscapeLeft UIInterfaceOrientationLandscapeRight";
				LD_RUNPATH_SEARCH_PATHS = (
					"$(inherited)",
					"@executable_path/Frameworks",
				);
				MARKETING_VERSION = 1.0;
				PRODUCT_BUNDLE_IDENTIFIER = com.umerdeveloper.DotInInfinitePathLoader;
				PRODUCT_NAME = "$(TARGET_NAME)";
				SWIFT_EMIT_LOC_STRINGS = YES;
				SWIFT_VERSION = 5.0;
				TARGETED_DEVICE_FAMILY = "1,2";
			};
			name = Debug;
		};
		0BCB02082C8B404C00963A34 /* Release */ = {
			isa = XCBuildConfiguration;
			buildSettings = {
				ASSETCATALOG_COMPILER_APPICON_NAME = AppIcon;
				ASSETCATALOG_COMPILER_GLOBAL_ACCENT_COLOR_NAME = AccentColor;
				CODE_SIGN_STYLE = Automatic;
				CURRENT_PROJECT_VERSION = 1;
				GENERATE_INFOPLIST_FILE = YES;
				INFOPLIST_FILE = DotInInfinitePathLoader/Info.plist;
				INFOPLIST_KEY_UIApplicationSupportsIndirectInputEvents = YES;
				INFOPLIST_KEY_UILaunchStoryboardName = LaunchScreen;
				INFOPLIST_KEY_UIMainStoryboardFile = Main;
				INFOPLIST_KEY_UISupportedInterfaceOrientations_iPad = "UIInterfaceOrientationPortrait UIInterfaceOrientationPortraitUpsideDown UIInterfaceOrientationLandscapeLeft UIInterfaceOrientationLandscapeRight";
				INFOPLIST_KEY_UISupportedInterfaceOrientations_iPhone = "UIInterfaceOrientationPortrait UIInterfaceOrientationLandscapeLeft UIInterfaceOrientationLandscapeRight";
				LD_RUNPATH_SEARCH_PATHS = (
					"$(inherited)",
					"@executable_path/Frameworks",
				);
				MARKETING_VERSION = 1.0;
				PRODUCT_BUNDLE_IDENTIFIER = com.umerdeveloper.DotInInfinitePathLoader;
				PRODUCT_NAME = "$(TARGET_NAME)";
				SWIFT_EMIT_LOC_STRINGS = YES;
				SWIFT_VERSION = 5.0;
				TARGETED_DEVICE_FAMILY = "1,2";
			};
			name = Release;
		};
		0BCB020A2C8B404C00963A34 /* Debug */ = {
			isa = XCBuildConfiguration;
			buildSettings = {
				ALWAYS_EMBED_SWIFT_STANDARD_LIBRARIES = YES;
				BUNDLE_LOADER = "$(TEST_HOST)";
				CODE_SIGN_STYLE = Automatic;
				CURRENT_PROJECT_VERSION = 1;
				GENERATE_INFOPLIST_FILE = YES;
				IPHONEOS_DEPLOYMENT_TARGET = 17.5;
				MARKETING_VERSION = 1.0;
				PRODUCT_BUNDLE_IDENTIFIER = com.umerdeveloper.DotInInfinitePathLoaderTests;
				PRODUCT_NAME = "$(TARGET_NAME)";
				SWIFT_EMIT_LOC_STRINGS = NO;
				SWIFT_VERSION = 5.0;
				TARGETED_DEVICE_FAMILY = "1,2";
				TEST_HOST = "$(BUILT_PRODUCTS_DIR)/DotInInfinitePathLoader.app/$(BUNDLE_EXECUTABLE_FOLDER_PATH)/DotInInfinitePathLoader";
			};
			name = Debug;
		};
		0BCB020B2C8B404C00963A34 /* Release */ = {
			isa = XCBuildConfiguration;
			buildSettings = {
				ALWAYS_EMBED_SWIFT_STANDARD_LIBRARIES = YES;
				BUNDLE_LOADER = "$(TEST_HOST)";
				CODE_SIGN_STYLE = Automatic;
				CURRENT_PROJECT_VERSION = 1;
				GENERATE_INFOPLIST_FILE = YES;
				IPHONEOS_DEPLOYMENT_TARGET = 17.5;
				MARKETING_VERSION = 1.0;
				PRODUCT_BUNDLE_IDENTIFIER = com.umerdeveloper.DotInInfinitePathLoaderTests;
				PRODUCT_NAME = "$(TARGET_NAME)";
				SWIFT_EMIT_LOC_STRINGS = NO;
				SWIFT_VERSION = 5.0;
				TARGETED_DEVICE_FAMILY = "1,2";
				TEST_HOST = "$(BUILT_PRODUCTS_DIR)/DotInInfinitePathLoader.app/$(BUNDLE_EXECUTABLE_FOLDER_PATH)/DotInInfinitePathLoader";
			};
			name = Release;
		};
		0BCB020D2C8B404C00963A34 /* Debug */ = {
			isa = XCBuildConfiguration;
			buildSettings = {
				ALWAYS_EMBED_SWIFT_STANDARD_LIBRARIES = YES;
				CODE_SIGN_STYLE = Automatic;
				CURRENT_PROJECT_VERSION = 1;
				GENERATE_INFOPLIST_FILE = YES;
				MARKETING_VERSION = 1.0;
				PRODUCT_BUNDLE_IDENTIFIER = com.umerdeveloper.DotInInfinitePathLoaderUITests;
				PRODUCT_NAME = "$(TARGET_NAME)";
				SWIFT_EMIT_LOC_STRINGS = NO;
				SWIFT_VERSION = 5.0;
				TARGETED_DEVICE_FAMILY = "1,2";
				TEST_TARGET_NAME = DotInInfinitePathLoader;
			};
			name = Debug;
		};
		0BCB020E2C8B404C00963A34 /* Release */ = {
			isa = XCBuildConfiguration;
			buildSettings = {
				ALWAYS_EMBED_SWIFT_STANDARD_LIBRARIES = YES;
				CODE_SIGN_STYLE = Automatic;
				CURRENT_PROJECT_VERSION = 1;
				GENERATE_INFOPLIST_FILE = YES;
				MARKETING_VERSION = 1.0;
				PRODUCT_BUNDLE_IDENTIFIER = com.umerdeveloper.DotInInfinitePathLoaderUITests;
				PRODUCT_NAME = "$(TARGET_NAME)";
				SWIFT_EMIT_LOC_STRINGS = NO;
				SWIFT_VERSION = 5.0;
				TARGETED_DEVICE_FAMILY = "1,2";
				TEST_TARGET_NAME = DotInInfinitePathLoader;
			};
			name = Release;
		};
/* End XCBuildConfiguration section */

/* Begin XCConfigurationList section */
		0BCB01D72C8B404B00963A34 /* Build configuration list for PBXProject "DotInInfinitePathLoader" */ = {
			isa = XCConfigurationList;
			buildConfigurations = (
				0BCB02042C8B404C00963A34 /* Debug */,
				0BCB02052C8B404C00963A34 /* Release */,
			);
			defaultConfigurationIsVisible = 0;
			defaultConfigurationName = Release;
		};
		0BCB02062C8B404C00963A34 /* Build configuration list for PBXNativeTarget "DotInInfinitePathLoader" */ = {
			isa = XCConfigurationList;
			buildConfigurations = (
				0BCB02072C8B404C00963A34 /* Debug */,
				0BCB02082C8B404C00963A34 /* Release */,
			);
			defaultConfigurationIsVisible = 0;
			defaultConfigurationName = Release;
		};
		0BCB02092C8B404C00963A34 /* Build configuration list for PBXNativeTarget "DotInInfinitePathLoaderTests" */ = {
			isa = XCConfigurationList;
			buildConfigurations = (
				0BCB020A2C8B404C00963A34 /* Debug */,
				0BCB020B2C8B404C00963A34 /* Release */,
			);
			defaultConfigurationIsVisible = 0;
			defaultConfigurationName = Release;
		};
		0BCB020C2C8B404C00963A34 /* Build configuration list for PBXNativeTarget "DotInInfinitePathLoaderUITests" */ = {
			isa = XCConfigurationList;
			buildConfigurations = (
				0BCB020D2C8B404C00963A34 /* Debug */,
				0BCB020E2C8B404C00963A34 /* Release */,
			);
			defaultConfigurationIsVisible = 0;
			defaultConfigurationName = Release;
		};
/* End XCConfigurationList section */
	};
	rootObject = 0BCB01D42C8B404B00963A34 /* Project object */;
}
